
Microsoft Visual Studio Solution File, Format Version 12.00
Project("{FAE04EC0-301F-11D3-BF4B-00C04F79EFBC}") = "apbdProj3", "apbdProj3\apbdProj3.csproj", "{0950D8B8-4281-4D4C-AA5C-F7E8E9DC25CA}"
EndProject
Global
	GlobalSection(SolutionConfigurationPlatforms) = preSolution
		Debug|Any CPU = Debug|Any CPU
		Release|Any CPU = Release|Any CPU
	EndGlobalSection
	GlobalSection(ProjectConfigurationPlatforms) = postSolution
		{0950D8B8-4281-4D4C-AA5C-F7E8E9DC25CA}.Debug|Any CPU.ActiveCfg = Debug|Any CPU
		{0950D8B8-4281-4D4C-AA5C-F7E8E9DC25CA}.Debug|Any CPU.Build.0 = Debug|Any CPU
		{0950D8B8-4281-4D4C-AA5C-F7E8E9DC25CA}.Release|Any CPU.ActiveCfg = Release|Any CPU
		{0950D8B8-4281-4D4C-AA5C-F7E8E9DC25CA}.Release|Any CPU.Build.0 = Release|Any CPU
	EndGlobalSection
EndGlobal
